
Microsoft Visual Studio Solution File, Format Version 12.00
# Visual Studio 15
VisualStudioVersion = 15.0.26730.12
MinimumVisualStudioVersion = 10.0.40219.1
Project("{888888A0-9F3D-457C-B088-3A5042F75D52}") = "lbc-autotrader", "lbc-autotrader.pyproj", "{A9EBFB50-D558-403D-83BF-4024089020F2}"
EndProject
Global
	GlobalSection(SolutionConfigurationPlatforms) = preSolution
		Debug|Any CPU = Debug|Any CPU
		Release|Any CPU = Release|Any CPU
	EndGlobalSection
	GlobalSection(ProjectConfigurationPlatforms) = postSolution
		{A9EBFB50-D558-403D-83BF-4024089020F2}.Debug|Any CPU.ActiveCfg = Debug|Any CPU
		{A9EBFB50-D558-403D-83BF-4024089020F2}.Release|Any CPU.ActiveCfg = Release|Any CPU
	EndGlobalSection
	GlobalSection(SolutionProperties) = preSolution
		HideSolutionNode = FALSE
	EndGlobalSection
	GlobalSection(ExtensibilityGlobals) = postSolution
		SolutionGuid = {5B789BCE-1698-4031-A5DB-01BAA9A92512}
	EndGlobalSection
EndGlobal
